
Microsoft Visual Studio Solution File, Format Version 12.00
# Visual Studio Version 17
VisualStudioVersion = 17.3.32929.385
MinimumVisualStudioVersion = 10.0.40219.1
Project("{FAE04EC0-301F-11D3-BF4B-00C04F79EFBC}") = "StepsWork.Api", "src\StepsWork.Api\StepsWork.Api.csproj", "{66A50E1A-9027-4D3E-BCE1-9A50C9346B3C}"
EndProject
Project("{2150E333-8FDC-42A3-9474-1A3956D46DE8}") = "Ports", "Ports", "{0E4FCFC1-077B-4B2A-A72A-A74BFA06E405}"
EndProject
Global
	GlobalSection(SolutionConfigurationPlatforms) = preSolution
		Debug|Any CPU = Debug|Any CPU
		Release|Any CPU = Release|Any CPU
	EndGlobalSection
	GlobalSection(ProjectConfigurationPlatforms) = postSolution
		{66A50E1A-9027-4D3E-BCE1-9A50C9346B3C}.Debug|Any CPU.ActiveCfg = Debug|Any CPU
		{66A50E1A-9027-4D3E-BCE1-9A50C9346B3C}.Debug|Any CPU.Build.0 = Debug|Any CPU
		{66A50E1A-9027-4D3E-BCE1-9A50C9346B3C}.Release|Any CPU.ActiveCfg = Release|Any CPU
		{66A50E1A-9027-4D3E-BCE1-9A50C9346B3C}.Release|Any CPU.Build.0 = Release|Any CPU
	EndGlobalSection
	GlobalSection(SolutionProperties) = preSolution
		HideSolutionNode = FALSE
	EndGlobalSection
	GlobalSection(NestedProjects) = preSolution
		{66A50E1A-9027-4D3E-BCE1-9A50C9346B3C} = {0E4FCFC1-077B-4B2A-A72A-A74BFA06E405}
	EndGlobalSection
	GlobalSection(ExtensibilityGlobals) = postSolution
		SolutionGuid = {1F4DC741-2869-4D67-A195-66993A6AC637}
	EndGlobalSection
EndGlobal
